
Microsoft Visual Studio Solution File, Format Version 12.00
# Visual Studio Version 17
VisualStudioVersion = 17.9.34622.214
MinimumVisualStudioVersion = 10.0.40219.1
Project("{8BC9CEB8-8B4A-11D0-8D11-00A0C91BC942}") = "траектория", "траектория.vcxproj", "{74F2DE06-EF8C-4B0D-86D6-B9E4527CCEA3}"
EndProject
Global
	GlobalSection(SolutionConfigurationPlatforms) = preSolution
		Debug|x64 = Debug|x64
		Debug|x86 = Debug|x86
		Release|x64 = Release|x64
		Release|x86 = Release|x86
	EndGlobalSection
	GlobalSection(ProjectConfigurationPlatforms) = postSolution
		{74F2DE06-EF8C-4B0D-86D6-B9E4527CCEA3}.Debug|x64.ActiveCfg = Debug|x64
		{74F2DE06-EF8C-4B0D-86D6-B9E4527CCEA3}.Debug|x64.Build.0 = Debug|x64
		{74F2DE06-EF8C-4B0D-86D6-B9E4527CCEA3}.Debug|x86.ActiveCfg = Debug|Win32
		{74F2DE06-EF8C-4B0D-86D6-B9E4527CCEA3}.Debug|x86.Build.0 = Debug|Win32
		{74F2DE06-EF8C-4B0D-86D6-B9E4527CCEA3}.Release|x64.ActiveCfg = Release|x64
		{74F2DE06-EF8C-4B0D-86D6-B9E4527CCEA3}.Release|x64.Build.0 = Release|x64
		{74F2DE06-EF8C-4B0D-86D6-B9E4527CCEA3}.Release|x86.ActiveCfg = Release|Win32
		{74F2DE06-EF8C-4B0D-86D6-B9E4527CCEA3}.Release|x86.Build.0 = Release|Win32
	EndGlobalSection
	GlobalSection(SolutionProperties) = preSolution
		HideSolutionNode = FALSE
	EndGlobalSection
	GlobalSection(ExtensibilityGlobals) = postSolution
		SolutionGuid = {7902C128-0F5C-4FA2-A803-DFD849A5427C}
	EndGlobalSection
EndGlobal
